{
  "pins" : [
    {
      "identity" : "swifty-ber-tlv",
      "kind" : "remoteSourceControl",
      "location" : "https://github.com/kaphacius/swifty-ber-tlv",
      "state" : {
        "revision" : "8de843a2d406e0c30a1e40831b5e386e3ac79b5b",
        "version" : "0.4.9"
      }
    }
  ],
  "version" : 2
}
