{
  "object": {
    "pins": [
      {
        "package": "SwiftyBERTLV",
        "repositoryURL": "https://github.com/kaphacius/swifty-ber-tlv",
        "state": {
          "branch": null,
          "revision": "d65f4ec88c73d2376bdda74209d690fca8671704",
          "version": "0.4.7"
        }
      }
    ]
  },
  "version": 1
}
