{
  "pins" : [
    {
      "identity" : "swifty-ber-tlv",
      "kind" : "remoteSourceControl",
      "location" : "https://github.com/kaphacius/swifty-ber-tlv",
      "state" : {
        "revision" : "9dabeb4341ac88f1e525fd156fe8bffd52451abe",
        "version" : "0.4.8"
      }
    }
  ],
  "version" : 2
}
